
Microsoft Visual Studio Solution File, Format Version 12.00
# Visual Studio Version 16
VisualStudioVersion = 16.0.31624.102
MinimumVisualStudioVersion = 10.0.40219.1
Project("{FAE04EC0-301F-11D3-BF4B-00C04F79EFBC}") = "BoysGirlsApplication", "BoysGirlsApplication\BoysGirlsApplication.csproj", "{FEB6BB71-B172-4866-AD86-4A93A8D88913}"
EndProject
Global
	GlobalSection(SolutionConfigurationPlatforms) = preSolution
		Debug|Any CPU = Debug|Any CPU
		Release|Any CPU = Release|Any CPU
	EndGlobalSection
	GlobalSection(ProjectConfigurationPlatforms) = postSolution
		{FEB6BB71-B172-4866-AD86-4A93A8D88913}.Debug|Any CPU.ActiveCfg = Debug|Any CPU
		{FEB6BB71-B172-4866-AD86-4A93A8D88913}.Debug|Any CPU.Build.0 = Debug|Any CPU
		{FEB6BB71-B172-4866-AD86-4A93A8D88913}.Release|Any CPU.ActiveCfg = Release|Any CPU
		{FEB6BB71-B172-4866-AD86-4A93A8D88913}.Release|Any CPU.Build.0 = Release|Any CPU
	EndGlobalSection
	GlobalSection(SolutionProperties) = preSolution
		HideSolutionNode = FALSE
	EndGlobalSection
	GlobalSection(ExtensibilityGlobals) = postSolution
		SolutionGuid = {BC640274-33F2-4DEF-BA23-DC309A7F59BA}
	EndGlobalSection
EndGlobal
